
Microsoft Visual Studio Solution File, Format Version 12.00
# Visual Studio Version 17
VisualStudioVersion = 17.10.35122.118
MinimumVisualStudioVersion = 10.0.40219.1
Project("{9A19103F-16F7-4668-BE54-9A1E7A4F7556}") = "DashboardModels", "DashboardModels.csproj", "{C8DA1667-ED43-4AED-B093-3603CFBC0457}"
EndProject
Global
	GlobalSection(SolutionConfigurationPlatforms) = preSolution
		Debug|Any CPU = Debug|Any CPU
		Release|Any CPU = Release|Any CPU
	EndGlobalSection
	GlobalSection(ProjectConfigurationPlatforms) = postSolution
		{C8DA1667-ED43-4AED-B093-3603CFBC0457}.Debug|Any CPU.ActiveCfg = Debug|Any CPU
		{C8DA1667-ED43-4AED-B093-3603CFBC0457}.Debug|Any CPU.Build.0 = Debug|Any CPU
		{C8DA1667-ED43-4AED-B093-3603CFBC0457}.Release|Any CPU.ActiveCfg = Release|Any CPU
		{C8DA1667-ED43-4AED-B093-3603CFBC0457}.Release|Any CPU.Build.0 = Release|Any CPU
	EndGlobalSection
	GlobalSection(SolutionProperties) = preSolution
		HideSolutionNode = FALSE
	EndGlobalSection
	GlobalSection(ExtensibilityGlobals) = postSolution
		SolutionGuid = {49DE3CD9-A6A1-4E3B-AB60-F1A2FC6D9554}
	EndGlobalSection
EndGlobal
